{
  "pins" : [
    {
      "identity" : "swift-glob",
      "kind" : "remoteSourceControl",
      "location" : "https://github.com/davbeck/swift-glob",
      "state" : {
        "revision" : "f8d3495325bfd1a53f37ece5a244f28d1d857879",
        "version" : "0.1.0"
      }
    }
  ],
  "version" : 2
}
